
Microsoft Visual Studio Solution File, Format Version 12.00
# Visual Studio 15
VisualStudioVersion = 15.0.27703.2018
MinimumVisualStudioVersion = 10.0.40219.1
Project("{FAE04EC0-301F-11D3-BF4B-00C04F79EFBC}") = "calculate", "calculate\calculate.csproj", "{2036CA4F-B899-4A85-A3CE-E48618808987}"
EndProject
Global
	GlobalSection(SolutionConfigurationPlatforms) = preSolution
		Debug|Any CPU = Debug|Any CPU
		Release|Any CPU = Release|Any CPU
	EndGlobalSection
	GlobalSection(ProjectConfigurationPlatforms) = postSolution
		{2036CA4F-B899-4A85-A3CE-E48618808987}.Debug|Any CPU.ActiveCfg = Debug|Any CPU
		{2036CA4F-B899-4A85-A3CE-E48618808987}.Debug|Any CPU.Build.0 = Debug|Any CPU
		{2036CA4F-B899-4A85-A3CE-E48618808987}.Release|Any CPU.ActiveCfg = Release|Any CPU
		{2036CA4F-B899-4A85-A3CE-E48618808987}.Release|Any CPU.Build.0 = Release|Any CPU
	EndGlobalSection
	GlobalSection(SolutionProperties) = preSolution
		HideSolutionNode = FALSE
	EndGlobalSection
	GlobalSection(ExtensibilityGlobals) = postSolution
		SolutionGuid = {0BE4F4A6-9CB2-4276-8950-A82F91ECA632}
	EndGlobalSection
EndGlobal
